# This file is automatically @generated by Cargo.
# It is not intended for manual editing.
version = 4

[[package]]
name = "tundra-agent-bin"
version = "0.1.0"

[[package]]
name = "tundra-agent-logs"
version = "0.1.0"

[[package]]
name = "tundra-agent-metrics"
version = "0.1.0"

[[package]]
name = "tundra-agent-providers"
version = "0.1.0"

[[package]]
name = "tundra-agent-reconciler"
version = "0.1.0"

[[package]]
name = "tundra-agent-rpc"
version = "0.1.0"

[[package]]
name = "tundra-cli"
version = "0.1.0"

[[package]]
name = "tundra-shared"
version = "0.1.0"

[[package]]
name = "tundra-test-harness"
version = "0.1.0"

[[package]]
name = "tundrad-acme"
version = "0.1.0"

[[package]]
name = "tundrad-api"
version = "0.1.0"

[[package]]
name = "tundrad-auth"
version = "0.1.0"

[[package]]
name = "tundrad-bin"
version = "0.1.0"

[[package]]
name = "tundrad-config"
version = "0.1.0"

[[package]]
name = "tundrad-crypto"
version = "0.1.0"

[[package]]
name = "tundrad-domain"
version = "0.1.0"

[[package]]
name = "tundrad-events"
version = "0.1.0"

[[package]]
name = "tundrad-grpc"
version = "0.1.0"

[[package]]
name = "tundrad-jobs"
version = "0.1.0"

[[package]]
name = "tundrad-plugin-host"
version = "0.1.0"

[[package]]
name = "tundrad-repo"
version = "0.1.0"

[[package]]
name = "tundrad-telemetry"
version = "0.1.0"
